
Microsoft Visual Studio Solution File, Format Version 12.00
# Visual Studio Version 17
VisualStudioVersion = 17.12.35707.178
MinimumVisualStudioVersion = 10.0.40219.1
Project("{FAE04EC0-301F-11D3-BF4B-00C04F79EFBC}") = "ImageBox.Api", "ImageBox.Api\ImageBox.Api.csproj", "{B4F06478-0EF5-4E5A-B9F2-5F1F1B08E6BF}"
EndProject
Project("{FAE04EC0-301F-11D3-BF4B-00C04F79EFBC}") = "ImageBox.DataAccess", "ImageBox.DataAccess\ImageBox.DataAccess.csproj", "{519219C7-689E-46A8-9842-8C9D2F2342C9}"
EndProject
Project("{FAE04EC0-301F-11D3-BF4B-00C04F79EFBC}") = "ImageBox.BusinessLogic", "ImageBox.BusinesLogic\ImageBox.BusinessLogic.csproj", "{F6547679-4D5E-4EE4-9320-0D01CE251D69}"
EndProject
Project("{FAE04EC0-301F-11D3-BF4B-00C04F79EFBC}") = "ImageBox.Shared", "ImageBox.Shared\ImageBox.Shared.csproj", "{BC310202-C50C-4A90-A20E-F2B2752150A6}"
EndProject
Global
	GlobalSection(SolutionConfigurationPlatforms) = preSolution
		Debug|Any CPU = Debug|Any CPU
		Release|Any CPU = Release|Any CPU
	EndGlobalSection
	GlobalSection(ProjectConfigurationPlatforms) = postSolution
		{B4F06478-0EF5-4E5A-B9F2-5F1F1B08E6BF}.Debug|Any CPU.ActiveCfg = Debug|Any CPU
		{B4F06478-0EF5-4E5A-B9F2-5F1F1B08E6BF}.Debug|Any CPU.Build.0 = Debug|Any CPU
		{B4F06478-0EF5-4E5A-B9F2-5F1F1B08E6BF}.Release|Any CPU.ActiveCfg = Release|Any CPU
		{B4F06478-0EF5-4E5A-B9F2-5F1F1B08E6BF}.Release|Any CPU.Build.0 = Release|Any CPU
		{519219C7-689E-46A8-9842-8C9D2F2342C9}.Debug|Any CPU.ActiveCfg = Debug|Any CPU
		{519219C7-689E-46A8-9842-8C9D2F2342C9}.Debug|Any CPU.Build.0 = Debug|Any CPU
		{519219C7-689E-46A8-9842-8C9D2F2342C9}.Release|Any CPU.ActiveCfg = Release|Any CPU
		{519219C7-689E-46A8-9842-8C9D2F2342C9}.Release|Any CPU.Build.0 = Release|Any CPU
		{F6547679-4D5E-4EE4-9320-0D01CE251D69}.Debug|Any CPU.ActiveCfg = Debug|Any CPU
		{F6547679-4D5E-4EE4-9320-0D01CE251D69}.Debug|Any CPU.Build.0 = Debug|Any CPU
		{F6547679-4D5E-4EE4-9320-0D01CE251D69}.Release|Any CPU.ActiveCfg = Release|Any CPU
		{F6547679-4D5E-4EE4-9320-0D01CE251D69}.Release|Any CPU.Build.0 = Release|Any CPU
		{BC310202-C50C-4A90-A20E-F2B2752150A6}.Debug|Any CPU.ActiveCfg = Debug|Any CPU
		{BC310202-C50C-4A90-A20E-F2B2752150A6}.Debug|Any CPU.Build.0 = Debug|Any CPU
		{BC310202-C50C-4A90-A20E-F2B2752150A6}.Release|Any CPU.ActiveCfg = Release|Any CPU
		{BC310202-C50C-4A90-A20E-F2B2752150A6}.Release|Any CPU.Build.0 = Release|Any CPU
	EndGlobalSection
	GlobalSection(SolutionProperties) = preSolution
		HideSolutionNode = FALSE
	EndGlobalSection
EndGlobal
